Microsoft Visual Studio Solution File, Format Version 12.00
# Visual Studio Version 16
VisualStudioVersion = 16.0.0.0
MinimumVisualStudioVersion = 16.0.0.0
Project("{9A19103F-16F7-4668-BE54-9A1E7A4F7556}") = "ClientSideBlazorSSR.Server", "Server\ClientSideBlazorSSR.Server.csproj", "{B0913875-9D93-40A6-926A-A9DA3EA460D7}"
EndProject
Project("{9A19103F-16F7-4668-BE54-9A1E7A4F7556}") = "ClientSideBlazorSSR.Client", "Client\ClientSideBlazorSSR.Client.csproj", "{13E36123-86B5-49A6-B23D-23027D2297D4}"
EndProject
Project("{9A19103F-16F7-4668-BE54-9A1E7A4F7556}") = "ClientSideBlazorSSR.Shared", "Shared\ClientSideBlazorSSR.Shared.csproj", "{582F68FB-02B4-45A9-9D9D-65161A872E98}"
EndProject
Global
	GlobalSection(SolutionConfigurationPlatforms) = preSolution
		Debug|Any CPU = Debug|Any CPU
		Debug|x64 = Debug|x64
		Debug|x86 = Debug|x86
		Release|Any CPU = Release|Any CPU
		Release|x64 = Release|x64
		Release|x86 = Release|x86
	EndGlobalSection
	GlobalSection(ProjectConfigurationPlatforms) = postSolution
		{B0913875-9D93-40A6-926A-A9DA3EA460D7}.Debug|Any CPU.ActiveCfg = Debug|Any CPU
		{B0913875-9D93-40A6-926A-A9DA3EA460D7}.Debug|Any CPU.Build.0 = Debug|Any CPU
		{B0913875-9D93-40A6-926A-A9DA3EA460D7}.Debug|x64.ActiveCfg = Debug|Any CPU
		{B0913875-9D93-40A6-926A-A9DA3EA460D7}.Debug|x64.Build.0 = Debug|Any CPU
		{B0913875-9D93-40A6-926A-A9DA3EA460D7}.Debug|x86.ActiveCfg = Debug|Any CPU
		{B0913875-9D93-40A6-926A-A9DA3EA460D7}.Debug|x86.Build.0 = Debug|Any CPU
		{B0913875-9D93-40A6-926A-A9DA3EA460D7}.Release|Any CPU.ActiveCfg = Release|Any CPU
		{B0913875-9D93-40A6-926A-A9DA3EA460D7}.Release|Any CPU.Build.0 = Release|Any CPU
		{B0913875-9D93-40A6-926A-A9DA3EA460D7}.Release|x64.ActiveCfg = Release|Any CPU
		{B0913875-9D93-40A6-926A-A9DA3EA460D7}.Release|x64.Build.0 = Release|Any CPU
		{B0913875-9D93-40A6-926A-A9DA3EA460D7}.Release|x86.ActiveCfg = Release|Any CPU
		{B0913875-9D93-40A6-926A-A9DA3EA460D7}.Release|x86.Build.0 = Release|Any CPU
		{13E36123-86B5-49A6-B23D-23027D2297D4}.Debug|Any CPU.ActiveCfg = Debug|Any CPU
		{13E36123-86B5-49A6-B23D-23027D2297D4}.Debug|Any CPU.Build.0 = Debug|Any CPU
		{13E36123-86B5-49A6-B23D-23027D2297D4}.Debug|x64.ActiveCfg = Debug|Any CPU
		{13E36123-86B5-49A6-B23D-23027D2297D4}.Debug|x64.Build.0 = Debug|Any CPU
		{13E36123-86B5-49A6-B23D-23027D2297D4}.Debug|x86.ActiveCfg = Debug|Any CPU
		{13E36123-86B5-49A6-B23D-23027D2297D4}.Debug|x86.Build.0 = Debug|Any CPU
		{13E36123-86B5-49A6-B23D-23027D2297D4}.Release|Any CPU.ActiveCfg = Release|Any CPU
		{13E36123-86B5-49A6-B23D-23027D2297D4}.Release|Any CPU.Build.0 = Release|Any CPU
		{13E36123-86B5-49A6-B23D-23027D2297D4}.Release|x64.ActiveCfg = Release|Any CPU
		{13E36123-86B5-49A6-B23D-23027D2297D4}.Release|x64.Build.0 = Release|Any CPU
		{13E36123-86B5-49A6-B23D-23027D2297D4}.Release|x86.ActiveCfg = Release|Any CPU
		{13E36123-86B5-49A6-B23D-23027D2297D4}.Release|x86.Build.0 = Release|Any CPU
		{582F68FB-02B4-45A9-9D9D-65161A872E98}.Debug|Any CPU.ActiveCfg = Debug|Any CPU
		{582F68FB-02B4-45A9-9D9D-65161A872E98}.Debug|Any CPU.Build.0 = Debug|Any CPU
		{582F68FB-02B4-45A9-9D9D-65161A872E98}.Debug|x64.ActiveCfg = Debug|Any CPU
		{582F68FB-02B4-45A9-9D9D-65161A872E98}.Debug|x64.Build.0 = Debug|Any CPU
		{582F68FB-02B4-45A9-9D9D-65161A872E98}.Debug|x86.ActiveCfg = Debug|Any CPU
		{582F68FB-02B4-45A9-9D9D-65161A872E98}.Debug|x86.Build.0 = Debug|Any CPU
		{582F68FB-02B4-45A9-9D9D-65161A872E98}.Release|Any CPU.ActiveCfg = Release|Any CPU
		{582F68FB-02B4-45A9-9D9D-65161A872E98}.Release|Any CPU.Build.0 = Release|Any CPU
		{582F68FB-02B4-45A9-9D9D-65161A872E98}.Release|x64.ActiveCfg = Release|Any CPU
		{582F68FB-02B4-45A9-9D9D-65161A872E98}.Release|x64.Build.0 = Release|Any CPU
		{582F68FB-02B4-45A9-9D9D-65161A872E98}.Release|x86.ActiveCfg = Release|Any CPU
		{582F68FB-02B4-45A9-9D9D-65161A872E98}.Release|x86.Build.0 = Release|Any CPU
	EndGlobalSection
	GlobalSection(SolutionProperties) = preSolution
		HideSolutionNode = FALSE
	EndGlobalSection
	GlobalSection(ExtensibilityGlobals) = postSolution
		SolutionGuid = {F2B3F4A4-39E6-4D0E-AD8D-D5D50D3E059B}
	EndGlobalSection
EndGlobal
